lockfileVersion: '6.0'

settings:
  autoInstallPeers: true
  excludeLinksFromLockfile: false

dependencies:
  smol-toml:
    specifier: ^1.1.4
    version: 1.1.4

packages:

  /smol-toml@1.1.4:
    resolution: {integrity: sha512-Y0OT8HezWsTNeEOSVxDnKOW/AyNXHQ4BwJNbAXlLTF5wWsBvrcHhIkE5Rf8kQMLmgf7nDX3PVOlgC6/Aiggu3Q==}
    engines: {node: '>= 18', pnpm: '>= 8'}
    dev: false
